# This file is generated by running "yarn install" inside your project.
# Manual changes might be lost - proceed with caution!

__metadata:
  version: 6
  cacheKey: 8

"async@npm:^2.6.2":
  version: 2.6.4
  resolution: "async@npm:2.6.4"
  dependencies:
    lodash: ^4.17.14
  checksum: a52083fb32e1ebe1d63e5c5624038bb30be68ff07a6c8d7dfe35e47c93fc144bd8652cbec869e0ac07d57dde387aa5f1386be3559cdee799cb1f789678d88e19
  languageName: node
  linkType: hard

"colors@npm:1.0.3":
  version: 1.0.3
  resolution: "colors@npm:1.0.3"
  checksum: 234e8d3ab7e4003851cdd6a1f02eaa16dabc502ee5f4dc576ad7959c64b7477b15bd21177bab4055a4c0a66aa3d919753958030445f87c39a253d73b7a3637f5
  languageName: node
  linkType: hard

"corser@npm:~2.0.0":
  version: 2.0.1
  resolution: "corser@npm:2.0.1"
  checksum: 9ff6944eda760c8c3118747a636afc3ede53b41e7b9960513a15b88032209a728e630ae4b41e20a941e34da129fe9094d1f5d95123ef64ac2e16cdad8dce9c87
  languageName: node
  linkType: hard

"debug@npm:^3.1.1":
  version: 3.2.7
  resolution: "debug@npm:3.2.7"
  dependencies:
    ms: ^2.1.1
  checksum: b3d8c5940799914d30314b7c3304a43305fd0715581a919dacb8b3176d024a782062368405b47491516d2091d6462d4d11f2f4974a405048094f8bfebfa3071c
  languageName: node
  linkType: hard

"ecstatic@npm:^2.0.0":
  version: 2.2.2
  resolution: "ecstatic@npm:2.2.2"
  dependencies:
    he: ^1.1.1
    mime: ^1.2.11
    minimist: ^1.1.0
    url-join: ^2.0.2
  bin:
    ecstatic: ./lib/ecstatic.js
  checksum: 27c0296b26839b43978e271f15b18723b1b3015f4cbfa2978fc77e5c9f6ac66f6264863c32c61021d1e2cbf8ebef86a33b8575abc106db5f2f296a4e543342b4
  languageName: node
  linkType: hard

"eventemitter3@npm:^4.0.0":
  version: 4.0.7
  resolution: "eventemitter3@npm:4.0.7"
  checksum: 1875311c42fcfe9c707b2712c32664a245629b42bb0a5a84439762dd0fd637fc54d078155ea83c2af9e0323c9ac13687e03cfba79b03af9f40c89b4960099374
  languageName: node
  linkType: hard

"follow-redirects@npm:^1.0.0":
  version: 1.15.0
  resolution: "follow-redirects@npm:1.15.0"
  peerDependenciesMeta:
    debug:
      optional: true
  checksum: eaec81c3e0ae57aae2422e38ad3539d0e7279b3a63f9681eeea319bb683dea67502c4e097136b8ce9721542b4e236e092b6b49e34e326cdd7733c274f0a3f378
  languageName: node
  linkType: hard

"he@npm:^1.1.1":
  version: 1.2.0
  resolution: "he@npm:1.2.0"
  bin:
    he: bin/he
  checksum: 3d4d6babccccd79c5c5a3f929a68af33360d6445587d628087f39a965079d84f18ce9c3d3f917ee1e3978916fc833bb8b29377c3b403f919426f91bc6965e7a7
  languageName: node
  linkType: hard

"http-proxy@npm:^1.8.1":
  version: 1.18.1
  resolution: "http-proxy@npm:1.18.1"
  dependencies:
    eventemitter3: ^4.0.0
    follow-redirects: ^1.0.0
    requires-port: ^1.0.0
  checksum: f5bd96bf83e0b1e4226633dbb51f8b056c3e6321917df402deacec31dd7fe433914fc7a2c1831cf7ae21e69c90b3a669b8f434723e9e8b71fd68afe30737b6a5
  languageName: node
  linkType: hard

"http-server@npm:^0.10.0":
  version: 0.10.0
  resolution: "http-server@npm:0.10.0"
  dependencies:
    colors: 1.0.3
    corser: ~2.0.0
    ecstatic: ^2.0.0
    http-proxy: ^1.8.1
    opener: ~1.4.0
    optimist: 0.6.x
    portfinder: ^1.0.13
    union: ~0.4.3
  bin:
    hs: ./bin/http-server
    http-server: ./bin/http-server
  checksum: 5a9d0a3555663177de8588ac0912fea6ca96a8afc8ea58b6f1b92fa4e9fa045544b07fda2e6ce2aac6f7bb812b2d042d75d5682765769f44972f7aabf662aa74
  languageName: node
  linkType: hard

"lodash@npm:^4.17.14":
  version: 4.17.21
  resolution: "lodash@npm:4.17.21"
  checksum: eb835a2e51d381e561e508ce932ea50a8e5a68f4ebdd771ea240d3048244a8d13658acbd502cd4829768c56f2e16bdd4340b9ea141297d472517b83868e677f7
  languageName: node
  linkType: hard

"mime@npm:^1.2.11":
  version: 1.6.0
  resolution: "mime@npm:1.6.0"
  bin:
    mime: cli.js
  checksum: fef25e39263e6d207580bdc629f8872a3f9772c923c7f8c7e793175cee22777bbe8bba95e5d509a40aaa292d8974514ce634ae35769faa45f22d17edda5e8557
  languageName: node
  linkType: hard

"minimist@npm:^1.1.0, minimist@npm:^1.2.6":
  version: 1.2.6
  resolution: "minimist@npm:1.2.6"
  checksum: d15428cd1e11eb14e1233bcfb88ae07ed7a147de251441d61158619dfb32c4d7e9061d09cab4825fdee18ecd6fce323228c8c47b5ba7cd20af378ca4048fb3fb
  languageName: node
  linkType: hard

"minimist@npm:~0.0.1":
  version: 0.0.10
  resolution: "minimist@npm:0.0.10"
  checksum: f7b2cb17af165d042bb3d2803f5e6c38d137f0c36a62230fdb643058c25b56749d2c335b17d4de0b0f08f19cb868cac40df207ff7a4c59fd0771e8762e9b783c
  languageName: node
  linkType: hard

"mkdirp@npm:^0.5.5":
  version: 0.5.6
  resolution: "mkdirp@npm:0.5.6"
  dependencies:
    minimist: ^1.2.6
  bin:
    mkdirp: bin/cmd.js
  checksum: 0c91b721bb12c3f9af4b77ebf73604baf350e64d80df91754dc509491ae93bf238581e59c7188360cec7cb62fc4100959245a42cfe01834efedc5e9d068376c2
  languageName: node
  linkType: hard

"ms@npm:^2.1.1":
  version: 2.1.3
  resolution: "ms@npm:2.1.3"
  checksum: aa92de608021b242401676e35cfa5aa42dd70cbdc082b916da7fb925c542173e36bce97ea3e804923fe92c0ad991434e4a38327e15a1b5b5f945d66df615ae6d
  languageName: node
  linkType: hard

"opener@npm:~1.4.0":
  version: 1.4.3
  resolution: "opener@npm:1.4.3"
  bin:
    opener: opener.js
  checksum: 2ad12d6c40cc92ca03f079fd2be1ba1a332d23c579f51151b53319f825b34a768a5d1df7eb3efd9823a15211616a7ab8d0b571cf61ec264a0a13f7ff18c582e5
  languageName: node
  linkType: hard

"optimist@npm:0.6.x":
  version: 0.6.1
  resolution: "optimist@npm:0.6.1"
  dependencies:
    minimist: ~0.0.1
    wordwrap: ~0.0.2
  checksum: 191ab2b119b2908a229065119349d9cbd295217a8777febd2812fc7b95c5f31f5f6ecb4fd0222351466cb33af8410299373229e78dd96713ed5348fcebfb96f4
  languageName: node
  linkType: hard

"portfinder@npm:^1.0.13":
  version: 1.0.28
  resolution: "portfinder@npm:1.0.28"
  dependencies:
    async: ^2.6.2
    debug: ^3.1.1
    mkdirp: ^0.5.5
  checksum: 91fef602f13f8f4c64385d0ad2a36cc9dc6be0b8d10a2628ee2c3c7b9917ab4fefb458815b82cea2abf4b785cd11c9b4e2d917ac6fa06f14b6fa880ca8f8928c
  languageName: node
  linkType: hard

"pwa-complete-guide@workspace:.":
  version: 0.0.0-use.local
  resolution: "pwa-complete-guide@workspace:."
  dependencies:
    http-server: ^0.10.0
  languageName: unknown
  linkType: soft

"qs@npm:~2.3.3":
  version: 2.3.3
  resolution: "qs@npm:2.3.3"
  checksum: 8ff84a6300bd7c3207c7aada3f349c39bd845761fd804c7dbd9b7146474c8654603a7491090d083a9c86846c3a719ef6f5ef81e1bb2839bd3b435d4a937ce83a
  languageName: node
  linkType: hard

"requires-port@npm:^1.0.0":
  version: 1.0.0
  resolution: "requires-port@npm:1.0.0"
  checksum: eee0e303adffb69be55d1a214e415cf42b7441ae858c76dfc5353148644f6fd6e698926fc4643f510d5c126d12a705e7c8ed7e38061113bdf37547ab356797ff
  languageName: node
  linkType: hard

"union@npm:~0.4.3":
  version: 0.4.6
  resolution: "union@npm:0.4.6"
  dependencies:
    qs: ~2.3.3
  checksum: 21719a1bea92cd3b06f9742aa3f13cc2e6e288c44b91ba5b6561b4765ea3b0daf7e2d4ec61d27973a656b6f7054d46bf5d9a5038c32cb5787e105fc58aee0b8d
  languageName: node
  linkType: hard

"url-join@npm:^2.0.2":
  version: 2.0.5
  resolution: "url-join@npm:2.0.5"
  checksum: 5c935cc99e5bfd7150302420db4eff9830d117be5ea3edf4b2d9e30a51484bc422e94fd9f2fba78192a75cebe2663735af716e07ec094b9a5f24c75046644c73
  languageName: node
  linkType: hard

"wordwrap@npm:~0.0.2":
  version: 0.0.3
  resolution: "wordwrap@npm:0.0.3"
  checksum: dfc2d3512e857ae4b3bc2e8d4e5d2c285c28a4b87cd1d81c977ce9a1a99152d355807e046851a3d61148f39d877fbb889352e07b65a9cbdd2256aa928e159026
  languageName: node
  linkType: hard
