# This file is generated by running "yarn install" inside your project.
# Manual changes might be lost - proceed with caution!

__metadata:
  version: 6
  cacheKey: 8

"async@npm:0.9.0":
  version: 0.9.0
  resolution: "async@npm:0.9.0"
  checksum: 31c29c216d3f00b3f8ff610f5d6a9f9155525fa1395367b00c8d0580d556166e1882485c04d50e67b3b8216bde635e69682ab0d4fa9a5a42d95bf84d5de230b3
  languageName: node
  linkType: hard

"colors@npm:1.0.3":
  version: 1.0.3
  resolution: "colors@npm:1.0.3"
  checksum: 234e8d3ab7e4003851cdd6a1f02eaa16dabc502ee5f4dc576ad7959c64b7477b15bd21177bab4055a4c0a66aa3d919753958030445f87c39a253d73b7a3637f5
  languageName: node
  linkType: hard

"corser@npm:~2.0.0":
  version: 2.0.1
  resolution: "corser@npm:2.0.1"
  checksum: 9ff6944eda760c8c3118747a636afc3ede53b41e7b9960513a15b88032209a728e630ae4b41e20a941e34da129fe9094d1f5d95123ef64ac2e16cdad8dce9c87
  languageName: node
  linkType: hard

"ecstatic@npm:^1.4.0":
  version: 1.4.1
  resolution: "ecstatic@npm:1.4.1"
  dependencies:
    he: ^0.5.0
    mime: ^1.2.11
    minimist: ^1.1.0
    url-join: ^1.0.0
  bin:
    ecstatic: ./lib/ecstatic.js
  checksum: 0ee53509a25a601a306a224d24b80e2f9ed4f33285dad67cf22a14683f09e9f673282feac32eb1a422ebe576d8086c18eedb35cdf60ea269c2d36f8cc2c43984
  languageName: node
  linkType: hard

"eventemitter3@npm:^4.0.0":
  version: 4.0.7
  resolution: "eventemitter3@npm:4.0.7"
  checksum: 1875311c42fcfe9c707b2712c32664a245629b42bb0a5a84439762dd0fd637fc54d078155ea83c2af9e0323c9ac13687e03cfba79b03af9f40c89b4960099374
  languageName: node
  linkType: hard

"follow-redirects@npm:^1.0.0":
  version: 1.14.9
  resolution: "follow-redirects@npm:1.14.9"
  peerDependenciesMeta:
    debug:
      optional: true
  checksum: f5982e0eb481818642492d3ca35a86989c98af1128b8e1a62911a3410621bc15d2b079e8170b35b19d3bdee770b73ed431a257ed86195af773771145baa57845
  languageName: node
  linkType: hard

"he@npm:^0.5.0":
  version: 0.5.0
  resolution: "he@npm:0.5.0"
  bin:
    he: bin/he
  checksum: f39da362d871daf36ad487aa3fcac8bd2d9b350ea378f4f3854dceacf73c2663ec672fc8c18e708c983f4d76ebd38e24640c46d0cd92dd3493aaf3a19ca93967
  languageName: node
  linkType: hard

"http-proxy@npm:^1.8.1":
  version: 1.18.1
  resolution: "http-proxy@npm:1.18.1"
  dependencies:
    eventemitter3: ^4.0.0
    follow-redirects: ^1.0.0
    requires-port: ^1.0.0
  checksum: f5bd96bf83e0b1e4226633dbb51f8b056c3e6321917df402deacec31dd7fe433914fc7a2c1831cf7ae21e69c90b3a669b8f434723e9e8b71fd68afe30737b6a5
  languageName: node
  linkType: hard

"http-server@npm:^0.9.0":
  version: 0.9.0
  resolution: "http-server@npm:0.9.0"
  dependencies:
    colors: 1.0.3
    corser: ~2.0.0
    ecstatic: ^1.4.0
    http-proxy: ^1.8.1
    opener: ~1.4.0
    optimist: 0.6.x
    portfinder: 0.4.x
    union: ~0.4.3
  bin:
    hs: ./bin/http-server
    http-server: ./bin/http-server
  checksum: d74ad0acfb4c8187883d29192c203e15d031a3668e83cb080a905180b302a5ce40b34e1a28a886469ae3c06f8b39f88907584dfa847a999de636a277e0eaae32
  languageName: node
  linkType: hard

"mime@npm:^1.2.11":
  version: 1.6.0
  resolution: "mime@npm:1.6.0"
  bin:
    mime: cli.js
  checksum: fef25e39263e6d207580bdc629f8872a3f9772c923c7f8c7e793175cee22777bbe8bba95e5d509a40aaa292d8974514ce634ae35769faa45f22d17edda5e8557
  languageName: node
  linkType: hard

"minimist@npm:^1.1.0, minimist@npm:^1.2.6":
  version: 1.2.6
  resolution: "minimist@npm:1.2.6"
  checksum: d15428cd1e11eb14e1233bcfb88ae07ed7a147de251441d61158619dfb32c4d7e9061d09cab4825fdee18ecd6fce323228c8c47b5ba7cd20af378ca4048fb3fb
  languageName: node
  linkType: hard

"minimist@npm:~0.0.1":
  version: 0.0.10
  resolution: "minimist@npm:0.0.10"
  checksum: f7b2cb17af165d042bb3d2803f5e6c38d137f0c36a62230fdb643058c25b56749d2c335b17d4de0b0f08f19cb868cac40df207ff7a4c59fd0771e8762e9b783c
  languageName: node
  linkType: hard

"mkdirp@npm:0.5.x":
  version: 0.5.6
  resolution: "mkdirp@npm:0.5.6"
  dependencies:
    minimist: ^1.2.6
  bin:
    mkdirp: bin/cmd.js
  checksum: 0c91b721bb12c3f9af4b77ebf73604baf350e64d80df91754dc509491ae93bf238581e59c7188360cec7cb62fc4100959245a42cfe01834efedc5e9d068376c2
  languageName: node
  linkType: hard

"opener@npm:~1.4.0":
  version: 1.4.3
  resolution: "opener@npm:1.4.3"
  bin:
    opener: opener.js
  checksum: 2ad12d6c40cc92ca03f079fd2be1ba1a332d23c579f51151b53319f825b34a768a5d1df7eb3efd9823a15211616a7ab8d0b571cf61ec264a0a13f7ff18c582e5
  languageName: node
  linkType: hard

"optimist@npm:0.6.x":
  version: 0.6.1
  resolution: "optimist@npm:0.6.1"
  dependencies:
    minimist: ~0.0.1
    wordwrap: ~0.0.2
  checksum: 191ab2b119b2908a229065119349d9cbd295217a8777febd2812fc7b95c5f31f5f6ecb4fd0222351466cb33af8410299373229e78dd96713ed5348fcebfb96f4
  languageName: node
  linkType: hard

"portfinder@npm:0.4.x":
  version: 0.4.0
  resolution: "portfinder@npm:0.4.0"
  dependencies:
    async: 0.9.0
    mkdirp: 0.5.x
  checksum: fde853556ae33eac7ce93a68e0301e5534376d237d4ff963e1ba5e09bd5641086709dacab7c811b01d17d4642ec04ee93b6e47e3960112b56316300930050ac4
  languageName: node
  linkType: hard

"pwa-complete-guide@workspace:.":
  version: 0.0.0-use.local
  resolution: "pwa-complete-guide@workspace:."
  dependencies:
    http-server: ^0.9.0
  languageName: unknown
  linkType: soft

"qs@npm:~2.3.3":
  version: 2.3.3
  resolution: "qs@npm:2.3.3"
  checksum: 8ff84a6300bd7c3207c7aada3f349c39bd845761fd804c7dbd9b7146474c8654603a7491090d083a9c86846c3a719ef6f5ef81e1bb2839bd3b435d4a937ce83a
  languageName: node
  linkType: hard

"requires-port@npm:^1.0.0":
  version: 1.0.0
  resolution: "requires-port@npm:1.0.0"
  checksum: eee0e303adffb69be55d1a214e415cf42b7441ae858c76dfc5353148644f6fd6e698926fc4643f510d5c126d12a705e7c8ed7e38061113bdf37547ab356797ff
  languageName: node
  linkType: hard

"union@npm:~0.4.3":
  version: 0.4.6
  resolution: "union@npm:0.4.6"
  dependencies:
    qs: ~2.3.3
  checksum: 21719a1bea92cd3b06f9742aa3f13cc2e6e288c44b91ba5b6561b4765ea3b0daf7e2d4ec61d27973a656b6f7054d46bf5d9a5038c32cb5787e105fc58aee0b8d
  languageName: node
  linkType: hard

"url-join@npm:^1.0.0":
  version: 1.1.0
  resolution: "url-join@npm:1.1.0"
  checksum: affa33998f671205e9bbfba95d840fa7445d548f903f79912836a4cdb068c8a926c1dfe94c220fe5fbd822b6be9a199561c78d0cb181abafee2075b4f03a9c28
  languageName: node
  linkType: hard

"wordwrap@npm:~0.0.2":
  version: 0.0.3
  resolution: "wordwrap@npm:0.0.3"
  checksum: dfc2d3512e857ae4b3bc2e8d4e5d2c285c28a4b87cd1d81c977ce9a1a99152d355807e046851a3d61148f39d877fbb889352e07b65a9cbdd2256aa928e159026
  languageName: node
  linkType: hard
